
Microsoft Visual Studio Solution File, Format Version 12.00
# Visual Studio Version 16
VisualStudioVersion = 25.0.1705.4
MinimumVisualStudioVersion = 10.0.40219.1
Project("{FAE04EC0-301F-11D3-BF4B-00C04F79EFBC}") = "DotnetPolly", "DotnetPolly\DotnetPolly.csproj", "{EAEBF7AA-70AE-42B6-8105-BA9F7C9D196B}"
EndProject
Global
	GlobalSection(SolutionConfigurationPlatforms) = preSolution
		Debug|Any CPU = Debug|Any CPU
		Release|Any CPU = Release|Any CPU
	EndGlobalSection
	GlobalSection(ProjectConfigurationPlatforms) = postSolution
		{EAEBF7AA-70AE-42B6-8105-BA9F7C9D196B}.Debug|Any CPU.ActiveCfg = Debug|Any CPU
		{EAEBF7AA-70AE-42B6-8105-BA9F7C9D196B}.Debug|Any CPU.Build.0 = Debug|Any CPU
		{EAEBF7AA-70AE-42B6-8105-BA9F7C9D196B}.Release|Any CPU.ActiveCfg = Release|Any CPU
		{EAEBF7AA-70AE-42B6-8105-BA9F7C9D196B}.Release|Any CPU.Build.0 = Release|Any CPU
	EndGlobalSection
	GlobalSection(SolutionProperties) = preSolution
		HideSolutionNode = FALSE
	EndGlobalSection
	GlobalSection(ExtensibilityGlobals) = postSolution
		SolutionGuid = {CDD8B59E-B2EE-4980-B7C2-0DCDAAE74C1C}
	EndGlobalSection
EndGlobal
